
Microsoft Visual Studio Solution File, Format Version 12.00
# Visual Studio Version 17
VisualStudioVersion = 17.11.35312.102
MinimumVisualStudioVersion = 10.0.40219.1
Project("{FAE04EC0-301F-11D3-BF4B-00C04F79EFBC}") = "DoAnTechTopStore", "DoAnTechTopStore\DoAnTechTopStore.csproj", "{CAB0DE6F-29C1-4510-A684-E49491894AB4}"
EndProject
Global
	GlobalSection(SolutionConfigurationPlatforms) = preSolution
		Debug|Any CPU = Debug|Any CPU
		Release|Any CPU = Release|Any CPU
	EndGlobalSection
	GlobalSection(ProjectConfigurationPlatforms) = postSolution
		{CAB0DE6F-29C1-4510-A684-E49491894AB4}.Debug|Any CPU.ActiveCfg = Debug|Any CPU
		{CAB0DE6F-29C1-4510-A684-E49491894AB4}.Debug|Any CPU.Build.0 = Debug|Any CPU
		{CAB0DE6F-29C1-4510-A684-E49491894AB4}.Release|Any CPU.ActiveCfg = Release|Any CPU
		{CAB0DE6F-29C1-4510-A684-E49491894AB4}.Release|Any CPU.Build.0 = Release|Any CPU
	EndGlobalSection
	GlobalSection(SolutionProperties) = preSolution
		HideSolutionNode = FALSE
	EndGlobalSection
	GlobalSection(ExtensibilityGlobals) = postSolution
		SolutionGuid = {94BABE66-4AC7-4C6C-B444-B49C64748B80}
	EndGlobalSection
EndGlobal
